
Microsoft Visual Studio Solution File, Format Version 12.00
# Visual Studio 15
VisualStudioVersion = 15.0.28010.2036
MinimumVisualStudioVersion = 10.0.40219.1
Project("{FAE04EC0-301F-11D3-BF4B-00C04F79EFBC}") = "SmartFlow", "SmartFlow\SmartFlow.csproj", "{51519696-567D-44A6-971D-1021E87577CE}"
EndProject
Global
	GlobalSection(SolutionConfigurationPlatforms) = preSolution
		Debug|Any CPU = Debug|Any CPU
		Release|Any CPU = Release|Any CPU
	EndGlobalSection
	GlobalSection(ProjectConfigurationPlatforms) = postSolution
		{51519696-567D-44A6-971D-1021E87577CE}.Debug|Any CPU.ActiveCfg = Debug|Any CPU
		{51519696-567D-44A6-971D-1021E87577CE}.Debug|Any CPU.Build.0 = Debug|Any CPU
		{51519696-567D-44A6-971D-1021E87577CE}.Release|Any CPU.ActiveCfg = Release|Any CPU
		{51519696-567D-44A6-971D-1021E87577CE}.Release|Any CPU.Build.0 = Release|Any CPU
	EndGlobalSection
	GlobalSection(SolutionProperties) = preSolution
		HideSolutionNode = FALSE
	EndGlobalSection
	GlobalSection(ExtensibilityGlobals) = postSolution
		SolutionGuid = {E450A2B5-5DE4-42FB-83CD-7A79878E4A5F}
	EndGlobalSection
EndGlobal
